
Microsoft Visual Studio Solution File, Format Version 12.00
# Visual Studio Version 16
VisualStudioVersion = 16.0.33328.57
MinimumVisualStudioVersion = 10.0.40219.1
Project("{FAE04EC0-301F-11D3-BF4B-00C04F79EFBC}") = "GymXML", "GymXML\GymXML.csproj", "{123F1C55-C2F0-4C7B-8AE6-F3B52A7FC87E}"
EndProject
Global
	GlobalSection(SolutionConfigurationPlatforms) = preSolution
		Debug|Any CPU = Debug|Any CPU
		Release|Any CPU = Release|Any CPU
	EndGlobalSection
	GlobalSection(ProjectConfigurationPlatforms) = postSolution
		{123F1C55-C2F0-4C7B-8AE6-F3B52A7FC87E}.Debug|Any CPU.ActiveCfg = Debug|Any CPU
		{123F1C55-C2F0-4C7B-8AE6-F3B52A7FC87E}.Debug|Any CPU.Build.0 = Debug|Any CPU
		{123F1C55-C2F0-4C7B-8AE6-F3B52A7FC87E}.Release|Any CPU.ActiveCfg = Release|Any CPU
		{123F1C55-C2F0-4C7B-8AE6-F3B52A7FC87E}.Release|Any CPU.Build.0 = Release|Any CPU
	EndGlobalSection
	GlobalSection(SolutionProperties) = preSolution
		HideSolutionNode = FALSE
	EndGlobalSection
	GlobalSection(ExtensibilityGlobals) = postSolution
		SolutionGuid = {A1414258-30DA-4552-9E1E-027EA7869C76}
	EndGlobalSection
EndGlobal
